
Microsoft Visual Studio Solution File, Format Version 12.00
# Visual Studio Version 17
VisualStudioVersion = 17.6.33815.320
MinimumVisualStudioVersion = 10.0.40219.1
Project("{FAE04EC0-301F-11D3-BF4B-00C04F79EFBC}") = "TodoApi", "TodoApi\TodoApi.csproj", "{80C642CF-A0BC-43DB-BD45-A0E95ADAAFDC}"
EndProject
Global
	GlobalSection(SolutionConfigurationPlatforms) = preSolution
		Debug|Any CPU = Debug|Any CPU
		Release|Any CPU = Release|Any CPU
	EndGlobalSection
	GlobalSection(ProjectConfigurationPlatforms) = postSolution
		{80C642CF-A0BC-43DB-BD45-A0E95ADAAFDC}.Debug|Any CPU.ActiveCfg = Debug|Any CPU
		{80C642CF-A0BC-43DB-BD45-A0E95ADAAFDC}.Debug|Any CPU.Build.0 = Debug|Any CPU
		{80C642CF-A0BC-43DB-BD45-A0E95ADAAFDC}.Release|Any CPU.ActiveCfg = Release|Any CPU
		{80C642CF-A0BC-43DB-BD45-A0E95ADAAFDC}.Release|Any CPU.Build.0 = Release|Any CPU
	EndGlobalSection
	GlobalSection(SolutionProperties) = preSolution
		HideSolutionNode = FALSE
	EndGlobalSection
	GlobalSection(ExtensibilityGlobals) = postSolution
		SolutionGuid = {542F690E-CF29-4FAA-AFA6-609496A2A1BF}
	EndGlobalSection
EndGlobal
